
Microsoft Visual Studio Solution File, Format Version 12.00
# Visual Studio Version 16
VisualStudioVersion = 16.0.32002.261
MinimumVisualStudioVersion = 10.0.40219.1
Project("{FAE04EC0-301F-11D3-BF4B-00C04F79EFBC}") = "Multiblication Table", "Multiblication Table\Multiblication Table.csproj", "{8EC34D6B-AF70-4A54-A788-E356C01B01C7}"
EndProject
Global
	GlobalSection(SolutionConfigurationPlatforms) = preSolution
		Debug|Any CPU = Debug|Any CPU
		Release|Any CPU = Release|Any CPU
	EndGlobalSection
	GlobalSection(ProjectConfigurationPlatforms) = postSolution
		{8EC34D6B-AF70-4A54-A788-E356C01B01C7}.Debug|Any CPU.ActiveCfg = Debug|Any CPU
		{8EC34D6B-AF70-4A54-A788-E356C01B01C7}.Debug|Any CPU.Build.0 = Debug|Any CPU
		{8EC34D6B-AF70-4A54-A788-E356C01B01C7}.Release|Any CPU.ActiveCfg = Release|Any CPU
		{8EC34D6B-AF70-4A54-A788-E356C01B01C7}.Release|Any CPU.Build.0 = Release|Any CPU
	EndGlobalSection
	GlobalSection(SolutionProperties) = preSolution
		HideSolutionNode = FALSE
	EndGlobalSection
	GlobalSection(ExtensibilityGlobals) = postSolution
		SolutionGuid = {B80372A3-3458-47E3-BBBE-3348CD7A8940}
	EndGlobalSection
EndGlobal
